# This file is automatically @generated by Veryl.
# It is not intended for manual editing.
version = 1

[[projects]]
name = "veryl_sample"
dependencies = []

[projects.source]
uuid = "3c6069e9-2557-58f6-a7d1-da2c7c16ba18"
url = "https://github.com/veryl-lang/sample"
path = ""
project = "veryl_sample"
version = "0.16.0"
revision = "df08333919cdec117aaa699ec97c5c9a2dee69b8"

[[projects]]
name = "veryl_sample2"
dependencies = []

[projects.source]
uuid = "a195d367-357d-5599-a36a-92b46eaa9cb6"
url = "https://github.com/veryl-lang/sample"
path = ""
project = "veryl_sample"
version = "0.17.0"
revision = "2f547db8a5d7c6273bf84ebbe540e315e84fe47f"

[[projects]]
name = "veryl_sample3"
dependencies = []

[projects.source]
uuid = "f0f62926-e7a5-58c5-ba76-959930cdf4ce"
url = "https://github.com/veryl-lang/sample"
path = ""
project = "veryl_sample"
version = "0.18.0"
revision = "52fc06237c5b70d42d67ea0910874ba111a6ef98"

[[projects]]
name = "veryl_sample4"
source = "testcases/sample"
dependencies = []
