# This file is automatically @generated by Veryl.
# It is not intended for manual editing.
[[projects]]
name = "veryl_sample1"
uuid = "99a66c38-e44a-5f9d-923c-7081983db730"
version = "0.2.3"
url = "https://github.com/dalance/veryl_sample"
revision = "ec120584fc6bce41fe0ee9ad23fa2710e13c29a8"
dependencies = []

[[projects]]
name = "veryl_sample2"
uuid = "734c17b0-eee3-5161-bf22-54b3b421e881"
version = "0.3.1"
url = "https://github.com/dalance/veryl_sample"
revision = "913747181a20b0d0c6111c054ce661cfd91cbea0"
dependencies = []
