# This file is automatically @generated by Veryl.
# It is not intended for manual editing.
[[projects]]
name = "veryl_sample1"
uuid = "ac7728ce-73f1-5fe1-a311-560b47c47cf2"
version = "0.11.0"
url = "https://github.com/veryl-lang/sample"
revision = "bb28f79b87efd2feba2d0a22f6306855284f89ca"
dependencies = []

[[projects]]
name = "veryl_sample2"
uuid = "4d65038e-0712-5d63-9e2d-62618ea6ea0a"
version = "0.12.0"
url = "https://github.com/veryl-lang/sample"
revision = "33ddf03c55b74e3d89a7f00a1afb69d8fa80f7ee"
dependencies = []
