# This file is automatically @generated by Veryl.
# It is not intended for manual editing.
version = 1

[[projects]]
name = "b"
source = "../b"

[projects.properties]

[[projects.dependencies]]
name = "c"
source = "../c"

[[projects]]
name = "c"
source = "../c"
dependencies = []

[projects.properties]

[[projects]]
name = "d"
source = "../d"
dependencies = []

[projects.properties]

[[projects]]
name = "e"
source = "../e"
dependencies = []

[projects.properties]
